
Microsoft Visual Studio Solution File, Format Version 12.00
# Visual Studio 15
VisualStudioVersion = 15.0.27004.2005
MinimumVisualStudioVersion = 10.0.40219.1
Project("{FAE04EC0-301F-11D3-BF4B-00C04F79EFBC}") = "diskinfo", "diskinfo\diskinfo.csproj", "{B67FBCF0-B53C-4C39-A1D6-A73F902D91CF}"
EndProject
Global
	GlobalSection(SolutionConfigurationPlatforms) = preSolution
		Debug|Any CPU = Debug|Any CPU
		Release|Any CPU = Release|Any CPU
	EndGlobalSection
	GlobalSection(ProjectConfigurationPlatforms) = postSolution
		{B67FBCF0-B53C-4C39-A1D6-A73F902D91CF}.Debug|Any CPU.ActiveCfg = Debug|Any CPU
		{B67FBCF0-B53C-4C39-A1D6-A73F902D91CF}.Debug|Any CPU.Build.0 = Debug|Any CPU
		{B67FBCF0-B53C-4C39-A1D6-A73F902D91CF}.Release|Any CPU.ActiveCfg = Release|Any CPU
		{B67FBCF0-B53C-4C39-A1D6-A73F902D91CF}.Release|Any CPU.Build.0 = Release|Any CPU
	EndGlobalSection
	GlobalSection(SolutionProperties) = preSolution
		HideSolutionNode = FALSE
	EndGlobalSection
	GlobalSection(ExtensibilityGlobals) = postSolution
		SolutionGuid = {1F6244B5-D245-400C-A653-DA2CD7AF2CDC}
	EndGlobalSection
EndGlobal
